
Microsoft Visual Studio Solution File, Format Version 12.00
# Visual Studio 2013
VisualStudioVersion = 12.0.40629.0
MinimumVisualStudioVersion = 10.0.40219.1
Project("{FAE04EC0-301F-11D3-BF4B-00C04F79EFBC}") = "DataAccessTest.Web", "DataAccessTest.Web\DataAccessTest.Web.csproj", "{41FC2D8C-E138-448B-836C-B44D65485D49}"
EndProject
Project("{FAE04EC0-301F-11D3-BF4B-00C04F79EFBC}") = "DataAccessTest.Web.Tests", "DataAccessTest.Web.Tests\DataAccessTest.Web.Tests.csproj", "{CA7CECC7-10BC-40DD-9912-460DDF49E857}"
EndProject
Project("{2150E333-8FDC-42A3-9474-1A3956D46DE8}") = ".nuget", ".nuget", "{9D42D011-F843-41BE-BE2F-54494016D635}"
	ProjectSection(SolutionItems) = preProject
		.nuget\NuGet.Config = .nuget\NuGet.Config
		.nuget\NuGet.exe = .nuget\NuGet.exe
		.nuget\NuGet.targets = .nuget\NuGet.targets
	EndProjectSection
EndProject
Project("{FAE04EC0-301F-11D3-BF4B-00C04F79EFBC}") = "DataAccessTest.DatabaseMigrations", "DataAccessTest.DatabaseMigrations\DataAccessTest.DatabaseMigrations.csproj", "{4697FE0D-4CD2-484B-B008-C376C17BF822}"
EndProject
Project("{FAE04EC0-301F-11D3-BF4B-00C04F79EFBC}") = "DataAccessTest.Repository", "DataAccessTest.Repository\DataAccessTest.Repository.csproj", "{DA77D930-C4EC-4236-A005-B799A215B83F}"
EndProject
Project("{FAE04EC0-301F-11D3-BF4B-00C04F79EFBC}") = "DataAccessTest.Repository.EntityFramework", "DataAccessTest.Repository.EntityFramework\DataAccessTest.Repository.EntityFramework.csproj", "{2E43EF7C-86D4-4899-93F3-0E978B2C760F}"
EndProject
Project("{FAE04EC0-301F-11D3-BF4B-00C04F79EFBC}") = "DataAccessTest.Library", "DataAccessTest.Library\DataAccessTest.Library.csproj", "{D662E4E7-6849-4A55-B559-2A264FC0FB93}"
EndProject
Global
	GlobalSection(SolutionConfigurationPlatforms) = preSolution
		Debug|Any CPU = Debug|Any CPU
		Release|Any CPU = Release|Any CPU
	EndGlobalSection
	GlobalSection(ProjectConfigurationPlatforms) = postSolution
		{41FC2D8C-E138-448B-836C-B44D65485D49}.Debug|Any CPU.ActiveCfg = Debug|Any CPU
		{41FC2D8C-E138-448B-836C-B44D65485D49}.Debug|Any CPU.Build.0 = Debug|Any CPU
		{41FC2D8C-E138-448B-836C-B44D65485D49}.Release|Any CPU.ActiveCfg = Release|Any CPU
		{41FC2D8C-E138-448B-836C-B44D65485D49}.Release|Any CPU.Build.0 = Release|Any CPU
		{CA7CECC7-10BC-40DD-9912-460DDF49E857}.Debug|Any CPU.ActiveCfg = Debug|Any CPU
		{CA7CECC7-10BC-40DD-9912-460DDF49E857}.Debug|Any CPU.Build.0 = Debug|Any CPU
		{CA7CECC7-10BC-40DD-9912-460DDF49E857}.Release|Any CPU.ActiveCfg = Release|Any CPU
		{CA7CECC7-10BC-40DD-9912-460DDF49E857}.Release|Any CPU.Build.0 = Release|Any CPU
		{4697FE0D-4CD2-484B-B008-C376C17BF822}.Debug|Any CPU.ActiveCfg = Debug|Any CPU
		{4697FE0D-4CD2-484B-B008-C376C17BF822}.Debug|Any CPU.Build.0 = Debug|Any CPU
		{4697FE0D-4CD2-484B-B008-C376C17BF822}.Release|Any CPU.ActiveCfg = Release|Any CPU
		{4697FE0D-4CD2-484B-B008-C376C17BF822}.Release|Any CPU.Build.0 = Release|Any CPU
		{DA77D930-C4EC-4236-A005-B799A215B83F}.Debug|Any CPU.ActiveCfg = Debug|Any CPU
		{DA77D930-C4EC-4236-A005-B799A215B83F}.Debug|Any CPU.Build.0 = Debug|Any CPU
		{DA77D930-C4EC-4236-A005-B799A215B83F}.Release|Any CPU.ActiveCfg = Release|Any CPU
		{DA77D930-C4EC-4236-A005-B799A215B83F}.Release|Any CPU.Build.0 = Release|Any CPU
		{2E43EF7C-86D4-4899-93F3-0E978B2C760F}.Debug|Any CPU.ActiveCfg = Debug|Any CPU
		{2E43EF7C-86D4-4899-93F3-0E978B2C760F}.Debug|Any CPU.Build.0 = Debug|Any CPU
		{2E43EF7C-86D4-4899-93F3-0E978B2C760F}.Release|Any CPU.ActiveCfg = Release|Any CPU
		{2E43EF7C-86D4-4899-93F3-0E978B2C760F}.Release|Any CPU.Build.0 = Release|Any CPU
		{D662E4E7-6849-4A55-B559-2A264FC0FB93}.Debug|Any CPU.ActiveCfg = Debug|Any CPU
		{D662E4E7-6849-4A55-B559-2A264FC0FB93}.Debug|Any CPU.Build.0 = Debug|Any CPU
		{D662E4E7-6849-4A55-B559-2A264FC0FB93}.Release|Any CPU.ActiveCfg = Release|Any CPU
		{D662E4E7-6849-4A55-B559-2A264FC0FB93}.Release|Any CPU.Build.0 = Release|Any CPU
	EndGlobalSection
	GlobalSection(SolutionProperties) = preSolution
		HideSolutionNode = FALSE
	EndGlobalSection
EndGlobal
